
Microsoft Visual Studio Solution File, Format Version 12.00
# Visual Studio Version 17
VisualStudioVersion = 17.3.32825.248
MinimumVisualStudioVersion = 10.0.40219.1
Project("{FAE04EC0-301F-11D3-BF4B-00C04F79EFBC}") = "g_lab_2", "g_lab_2.csproj", "{C80ED621-5649-4804-BC1E-F98E633A10BD}"
EndProject
Global
	GlobalSection(SolutionConfigurationPlatforms) = preSolution
		Debug|Any CPU = Debug|Any CPU
		Release|Any CPU = Release|Any CPU
	EndGlobalSection
	GlobalSection(ProjectConfigurationPlatforms) = postSolution
		{C80ED621-5649-4804-BC1E-F98E633A10BD}.Debug|Any CPU.ActiveCfg = Debug|Any CPU
		{C80ED621-5649-4804-BC1E-F98E633A10BD}.Debug|Any CPU.Build.0 = Debug|Any CPU
		{C80ED621-5649-4804-BC1E-F98E633A10BD}.Release|Any CPU.ActiveCfg = Release|Any CPU
		{C80ED621-5649-4804-BC1E-F98E633A10BD}.Release|Any CPU.Build.0 = Release|Any CPU
	EndGlobalSection
	GlobalSection(SolutionProperties) = preSolution
		HideSolutionNode = FALSE
	EndGlobalSection
	GlobalSection(ExtensibilityGlobals) = postSolution
		SolutionGuid = {EB37893E-2A5B-4F82-A520-449E015934BB}
	EndGlobalSection
EndGlobal
